
Microsoft Visual Studio Solution File, Format Version 12.00
# Visual Studio Version 17
VisualStudioVersion = 17.0.31912.275
MinimumVisualStudioVersion = 10.0.40219.1
Project("{9A19103F-16F7-4668-BE54-9A1E7A4F7556}") = "Data", "Data\Data.csproj", "{2537F4D1-EDB7-4AEE-A9AB-A1D75AB040C5}"
EndProject
Project("{FAE04EC0-301F-11D3-BF4B-00C04F79EFBC}") = "ServicesLayer", "BussinessLayer\ServicesLayer.csproj", "{EAEE36DA-39DB-46F5-8F91-F8D9089DCD6C}"
EndProject
Global
	GlobalSection(SolutionConfigurationPlatforms) = preSolution
		Debug|Any CPU = Debug|Any CPU
		Release|Any CPU = Release|Any CPU
	EndGlobalSection
	GlobalSection(ProjectConfigurationPlatforms) = postSolution
		{2537F4D1-EDB7-4AEE-A9AB-A1D75AB040C5}.Debug|Any CPU.ActiveCfg = Debug|Any CPU
		{2537F4D1-EDB7-4AEE-A9AB-A1D75AB040C5}.Debug|Any CPU.Build.0 = Debug|Any CPU
		{2537F4D1-EDB7-4AEE-A9AB-A1D75AB040C5}.Release|Any CPU.ActiveCfg = Release|Any CPU
		{2537F4D1-EDB7-4AEE-A9AB-A1D75AB040C5}.Release|Any CPU.Build.0 = Release|Any CPU
		{EAEE36DA-39DB-46F5-8F91-F8D9089DCD6C}.Debug|Any CPU.ActiveCfg = Debug|Any CPU
		{EAEE36DA-39DB-46F5-8F91-F8D9089DCD6C}.Debug|Any CPU.Build.0 = Debug|Any CPU
		{EAEE36DA-39DB-46F5-8F91-F8D9089DCD6C}.Release|Any CPU.ActiveCfg = Release|Any CPU
		{EAEE36DA-39DB-46F5-8F91-F8D9089DCD6C}.Release|Any CPU.Build.0 = Release|Any CPU
	EndGlobalSection
	GlobalSection(SolutionProperties) = preSolution
		HideSolutionNode = FALSE
	EndGlobalSection
	GlobalSection(ExtensibilityGlobals) = postSolution
		SolutionGuid = {CB4B005F-77C6-4163-B1CF-361CD88C6566}
	EndGlobalSection
EndGlobal
